
Microsoft Visual Studio Solution File, Format Version 12.00
# Visual Studio Version 17
VisualStudioVersion = 17.1.32328.378
MinimumVisualStudioVersion = 10.0.40219.1
Project("{FAE04EC0-301F-11D3-BF4B-00C04F79EFBC}") = "Science_News.Domain", "Science_News.Domain\Science_News.Domain.csproj", "{BEC76201-8AC9-49F5-8070-7F6D8D9F37A3}"
EndProject
Project("{FAE04EC0-301F-11D3-BF4B-00C04F79EFBC}") = "Science_News.Application", "Science_News.Application\Science_News.Application.csproj", "{B1CF8103-962C-45E0-A559-2A886EF15E51}"
EndProject
Project("{FAE04EC0-301F-11D3-BF4B-00C04F79EFBC}") = "Science_News.Infrastructure", "Science_News.Infrastructure\Science_News.Infrastructure.csproj", "{C6673E6C-F3C5-4E22-A72D-2CEEAE81631B}"
EndProject
Project("{FAE04EC0-301F-11D3-BF4B-00C04F79EFBC}") = "Science_News.Presantation", "Science_News.Presantation\Science_News.Presantation.csproj", "{A5536D5D-B9B3-4DEE-8056-A761089C63D4}"
EndProject
Global
	GlobalSection(SolutionConfigurationPlatforms) = preSolution
		Debug|Any CPU = Debug|Any CPU
		Release|Any CPU = Release|Any CPU
	EndGlobalSection
	GlobalSection(ProjectConfigurationPlatforms) = postSolution
		{BEC76201-8AC9-49F5-8070-7F6D8D9F37A3}.Debug|Any CPU.ActiveCfg = Debug|Any CPU
		{BEC76201-8AC9-49F5-8070-7F6D8D9F37A3}.Debug|Any CPU.Build.0 = Debug|Any CPU
		{BEC76201-8AC9-49F5-8070-7F6D8D9F37A3}.Release|Any CPU.ActiveCfg = Release|Any CPU
		{BEC76201-8AC9-49F5-8070-7F6D8D9F37A3}.Release|Any CPU.Build.0 = Release|Any CPU
		{B1CF8103-962C-45E0-A559-2A886EF15E51}.Debug|Any CPU.ActiveCfg = Debug|Any CPU
		{B1CF8103-962C-45E0-A559-2A886EF15E51}.Debug|Any CPU.Build.0 = Debug|Any CPU
		{B1CF8103-962C-45E0-A559-2A886EF15E51}.Release|Any CPU.ActiveCfg = Release|Any CPU
		{B1CF8103-962C-45E0-A559-2A886EF15E51}.Release|Any CPU.Build.0 = Release|Any CPU
		{C6673E6C-F3C5-4E22-A72D-2CEEAE81631B}.Debug|Any CPU.ActiveCfg = Debug|Any CPU
		{C6673E6C-F3C5-4E22-A72D-2CEEAE81631B}.Debug|Any CPU.Build.0 = Debug|Any CPU
		{C6673E6C-F3C5-4E22-A72D-2CEEAE81631B}.Release|Any CPU.ActiveCfg = Release|Any CPU
		{C6673E6C-F3C5-4E22-A72D-2CEEAE81631B}.Release|Any CPU.Build.0 = Release|Any CPU
		{A5536D5D-B9B3-4DEE-8056-A761089C63D4}.Debug|Any CPU.ActiveCfg = Debug|Any CPU
		{A5536D5D-B9B3-4DEE-8056-A761089C63D4}.Debug|Any CPU.Build.0 = Debug|Any CPU
		{A5536D5D-B9B3-4DEE-8056-A761089C63D4}.Release|Any CPU.ActiveCfg = Release|Any CPU
		{A5536D5D-B9B3-4DEE-8056-A761089C63D4}.Release|Any CPU.Build.0 = Release|Any CPU
	EndGlobalSection
	GlobalSection(SolutionProperties) = preSolution
		HideSolutionNode = FALSE
	EndGlobalSection
	GlobalSection(ExtensibilityGlobals) = postSolution
		SolutionGuid = {BD725CB5-15A6-4909-8C7E-2AAE713D098B}
	EndGlobalSection
EndGlobal
